
Microsoft Visual Studio Solution File, Format Version 12.00
Project("{FAE04EC0-301F-11D3-BF4B-00C04F79EFBC}") = "Tian", "Tian\Tian.csproj", "{1649E4D0-8B55-4B74-B067-BCDE68BA6F3B}"
EndProject
Global
	GlobalSection(SolutionConfigurationPlatforms) = preSolution
		Debug|Any CPU = Debug|Any CPU
		Release|Any CPU = Release|Any CPU
	EndGlobalSection
	GlobalSection(ProjectConfigurationPlatforms) = postSolution
		{1649E4D0-8B55-4B74-B067-BCDE68BA6F3B}.Debug|Any CPU.ActiveCfg = Debug|Any CPU
		{1649E4D0-8B55-4B74-B067-BCDE68BA6F3B}.Debug|Any CPU.Build.0 = Debug|Any CPU
		{1649E4D0-8B55-4B74-B067-BCDE68BA6F3B}.Release|Any CPU.ActiveCfg = Release|Any CPU
		{1649E4D0-8B55-4B74-B067-BCDE68BA6F3B}.Release|Any CPU.Build.0 = Release|Any CPU
	EndGlobalSection
EndGlobal
